
Microsoft Visual Studio Solution File, Format Version 12.00
# Visual Studio Version 16
VisualStudioVersion = 16.0.29503.13
MinimumVisualStudioVersion = 10.0.40219.1
Project("{FAE04EC0-301F-11D3-BF4B-00C04F79EFBC}") = "SalesMvcProject", "SalesMvcProject\SalesMvcProject.csproj", "{054E3F78-6616-401F-86E3-4669AD1FBECB}"
EndProject
Global
	GlobalSection(SolutionConfigurationPlatforms) = preSolution
		Debug|Any CPU = Debug|Any CPU
		Release|Any CPU = Release|Any CPU
	EndGlobalSection
	GlobalSection(ProjectConfigurationPlatforms) = postSolution
		{054E3F78-6616-401F-86E3-4669AD1FBECB}.Debug|Any CPU.ActiveCfg = Debug|Any CPU
		{054E3F78-6616-401F-86E3-4669AD1FBECB}.Debug|Any CPU.Build.0 = Debug|Any CPU
		{054E3F78-6616-401F-86E3-4669AD1FBECB}.Release|Any CPU.ActiveCfg = Release|Any CPU
		{054E3F78-6616-401F-86E3-4669AD1FBECB}.Release|Any CPU.Build.0 = Release|Any CPU
	EndGlobalSection
	GlobalSection(SolutionProperties) = preSolution
		HideSolutionNode = FALSE
	EndGlobalSection
	GlobalSection(ExtensibilityGlobals) = postSolution
		SolutionGuid = {C9796963-5561-4655-98E5-C3901347C8BB}
	EndGlobalSection
EndGlobal
